
Microsoft Visual Studio Solution File, Format Version 12.00
# Visual Studio Version 17
VisualStudioVersion = 17.7.34031.279
MinimumVisualStudioVersion = 10.0.40219.1
Project("{9A19103F-16F7-4668-BE54-9A1E7A4F7556}") = "WebApplication1", "WebApplication1\WebApplication1.csproj", "{DD7C2A15-822F-4E7B-A8AA-00FF69CE12B2}"
EndProject
Global
	GlobalSection(SolutionConfigurationPlatforms) = preSolution
		Debug|Any CPU = Debug|Any CPU
		Release|Any CPU = Release|Any CPU
	EndGlobalSection
	GlobalSection(ProjectConfigurationPlatforms) = postSolution
		{DD7C2A15-822F-4E7B-A8AA-00FF69CE12B2}.Debug|Any CPU.ActiveCfg = Debug|Any CPU
		{DD7C2A15-822F-4E7B-A8AA-00FF69CE12B2}.Debug|Any CPU.Build.0 = Debug|Any CPU
		{DD7C2A15-822F-4E7B-A8AA-00FF69CE12B2}.Release|Any CPU.ActiveCfg = Release|Any CPU
		{DD7C2A15-822F-4E7B-A8AA-00FF69CE12B2}.Release|Any CPU.Build.0 = Release|Any CPU
	EndGlobalSection
	GlobalSection(SolutionProperties) = preSolution
		HideSolutionNode = FALSE
	EndGlobalSection
	GlobalSection(ExtensibilityGlobals) = postSolution
		SolutionGuid = {E3A100D8-E69C-42B2-8CA9-981CE2DAC804}
	EndGlobalSection
EndGlobal
